
Microsoft Visual Studio Solution File, Format Version 12.00
# Visual Studio Version 17
VisualStudioVersion = 17.14.36202.13 d17.14
MinimumVisualStudioVersion = 10.0.40219.1
Project("{FAE04EC0-301F-11D3-BF4B-00C04F79EFBC}") = "UnitTestForTrello", "UnitTestForTrello\UnitTestForTrello.csproj", "{AD772643-FF79-450A-9E4F-D4915460ADEC}"
EndProject
Global
	GlobalSection(SolutionConfigurationPlatforms) = preSolution
		Debug|Any CPU = Debug|Any CPU
		Release|Any CPU = Release|Any CPU
	EndGlobalSection
	GlobalSection(ProjectConfigurationPlatforms) = postSolution
		{AD772643-FF79-450A-9E4F-D4915460ADEC}.Debug|Any CPU.ActiveCfg = Debug|Any CPU
		{AD772643-FF79-450A-9E4F-D4915460ADEC}.Debug|Any CPU.Build.0 = Debug|Any CPU
		{AD772643-FF79-450A-9E4F-D4915460ADEC}.Release|Any CPU.ActiveCfg = Release|Any CPU
		{AD772643-FF79-450A-9E4F-D4915460ADEC}.Release|Any CPU.Build.0 = Release|Any CPU
	EndGlobalSection
	GlobalSection(SolutionProperties) = preSolution
		HideSolutionNode = FALSE
	EndGlobalSection
	GlobalSection(ExtensibilityGlobals) = postSolution
		SolutionGuid = {8765D734-F875-43FE-899D-3988F2750677}
	EndGlobalSection
EndGlobal
